
Microsoft Visual Studio Solution File, Format Version 12.00
# Visual Studio Version 16
VisualStudioVersion = 16.0.29326.143
MinimumVisualStudioVersion = 10.0.40219.1
Project("{FAE04EC0-301F-11D3-BF4B-00C04F79EFBC}") = "Calculator", "Calculator\Calculator.csproj", "{E15FDD3A-C761-4F8F-98AC-148A2A709805}"
EndProject
Global
	GlobalSection(SolutionConfigurationPlatforms) = preSolution
		Debug|Any CPU = Debug|Any CPU
		Release|Any CPU = Release|Any CPU
	EndGlobalSection
	GlobalSection(ProjectConfigurationPlatforms) = postSolution
		{E15FDD3A-C761-4F8F-98AC-148A2A709805}.Debug|Any CPU.ActiveCfg = Debug|Any CPU
		{E15FDD3A-C761-4F8F-98AC-148A2A709805}.Debug|Any CPU.Build.0 = Debug|Any CPU
		{E15FDD3A-C761-4F8F-98AC-148A2A709805}.Release|Any CPU.ActiveCfg = Release|Any CPU
		{E15FDD3A-C761-4F8F-98AC-148A2A709805}.Release|Any CPU.Build.0 = Release|Any CPU
	EndGlobalSection
	GlobalSection(SolutionProperties) = preSolution
		HideSolutionNode = FALSE
	EndGlobalSection
	GlobalSection(ExtensibilityGlobals) = postSolution
		SolutionGuid = {C0193839-8301-438E-A7C7-276CE63D0CE0}
	EndGlobalSection
EndGlobal
